// !$*UTF8*$!
{
	archiveVersion = 1;
	classes = {
	};
	objectVersion = 48;
	objects = {

/* Begin PBXBuildFile section */
		5F321C0B2062053A00915A44 /* DetailsViewController.swift in Sources */ = {isa = PBXBuildFile; fileRef = 5F321C0A2062053A00915A44 /* DetailsViewController.swift */; };
		5F321C0D20620B5000915A44 /* MusicPlayerManager.swift in Sources */ = {isa = PBXBuildFile; fileRef = 5F321C0C20620B5000915A44 /* MusicPlayerManager.swift */; };
		5FB13B8D2061F38600BA9AD5 /* AppDelegate.swift in Sources */ = {isa = PBXBuildFile; fileRef = 5FB13B8C2061F38600BA9AD5 /* AppDelegate.swift */; };
		5FB13B922061F38600BA9AD5 /* Main.storyboard in Resources */ = {isa = PBXBuildFile; fileRef = 5FB13B902061F38600BA9AD5 /* Main.storyboard */; };
		5FB13B942061F38600BA9AD5 /* Assets.xcassets in Resources */ = {isa = PBXBuildFile; fileRef = 5FB13B932061F38600BA9AD5 /* Assets.xcassets */; };
		5FB13B972061F38600BA9AD5 /* LaunchScreen.storyboard in Resources */ = {isa = PBXBuildFile; fileRef = 5FB13B952061F38600BA9AD5 /* LaunchScreen.storyboard */; };
		5FB13BA02061F3BA00BA9AD5 /* SongListTableViewCell.swift in Sources */ = {isa = PBXBuildFile; fileRef = 5FB13B9F2061F3BA00BA9AD5 /* SongListTableViewCell.swift */; };
		5FB13BA32061F3D600BA9AD5 /* SongTableViewController.swift in Sources */ = {isa = PBXBuildFile; fileRef = 5FB13BA22061F3D600BA9AD5 /* SongTableViewController.swift */; };
		5FB13BA62061F68D00BA9AD5 /* MediaHandler.swift in Sources */ = {isa = PBXBuildFile; fileRef = 5FB13BA52061F68D00BA9AD5 /* MediaHandler.swift */; };
/* End PBXBuildFile section */

/* Begin PBXFileReference section */
		5F321C0A2062053A00915A44 /* DetailsViewController.swift */ = {isa = PBXFileReference; lastKnownFileType = sourcecode.swift; path = DetailsViewController.swift; sourceTree = "<group>"; };
		5F321C0C20620B5000915A44 /* MusicPlayerManager.swift */ = {isa = PBXFileReference; fileEncoding = 4; lastKnownFileType = sourcecode.swift; path = MusicPlayerManager.swift; sourceTree = "<group>"; };
		5FB13B892061F38600BA9AD5 /* MediaApp.app */ = {isa = PBXFileReference; explicitFileType = wrapper.application; includeInIndex = 0; path = MediaApp.app; sourceTree = BUILT_PRODUCTS_DIR; };
		5FB13B8C2061F38600BA9AD5 /* AppDelegate.swift */ = {isa = PBXFileReference; lastKnownFileType = sourcecode.swift; path = AppDelegate.swift; sourceTree = "<group>"; };
		5FB13B912061F38600BA9AD5 /* Base */ = {isa = PBXFileReference; lastKnownFileType = file.storyboard; name = Base; path = Base.lproj/Main.storyboard; sourceTree = "<group>"; };
		5FB13B932061F38600BA9AD5 /* Assets.xcassets */ = {isa = PBXFileReference; lastKnownFileType = folder.assetcatalog; path = Assets.xcassets; sourceTree = "<group>"; };
		5FB13B962061F38600BA9AD5 /* Base */ = {isa = PBXFileReference; lastKnownFileType = file.storyboard; name = Base; path = Base.lproj/LaunchScreen.storyboard; sourceTree = "<group>"; };
		5FB13B982061F38600BA9AD5 /* Info.plist */ = {isa = PBXFileReference; lastKnownFileType = text.plist.xml; path = Info.plist; sourceTree = "<group>"; };
		5FB13B9F2061F3BA00BA9AD5 /* SongListTableViewCell.swift */ = {isa = PBXFileReference; lastKnownFileType = sourcecode.swift; path = SongListTableViewCell.swift; sourceTree = "<group>"; };
		5FB13BA22061F3D600BA9AD5 /* SongTableViewController.swift */ = {isa = PBXFileReference; lastKnownFileType = sourcecode.swift; path = SongTableViewController.swift; sourceTree = "<group>"; };
		5FB13BA52061F68D00BA9AD5 /* MediaHandler.swift */ = {isa = PBXFileReference; lastKnownFileType = sourcecode.swift; path = MediaHandler.swift; sourceTree = "<group>"; };
/* End PBXFileReference section */

/* Begin PBXFrameworksBuildPhase section */
		5FB13B862061F38600BA9AD5 /* Frameworks */ = {
			isa = PBXFrameworksBuildPhase;
			buildActionMask = 2147483647;
			files = (
			);
			runOnlyForDeploymentPostprocessing = 0;
		};
/* End PBXFrameworksBuildPhase section */

/* Begin PBXGroup section */
		5FB13B802061F38600BA9AD5 = {
			isa = PBXGroup;
			children = (
				5FB13B8B2061F38600BA9AD5 /* MediaApp */,
				5FB13B8A2061F38600BA9AD5 /* Products */,
			);
			sourceTree = "<group>";
		};
		5FB13B8A2061F38600BA9AD5 /* Products */ = {
			isa = PBXGroup;
			children = (
				5FB13B892061F38600BA9AD5 /* MediaApp.app */,
			);
			name = Products;
			sourceTree = "<group>";
		};
		5FB13B8B2061F38600BA9AD5 /* MediaApp */ = {
			isa = PBXGroup;
			children = (
				5FB13BA42061F67E00BA9AD5 /* New Group */,
				5FB13BA12061F3C500BA9AD5 /* Controllers */,
				5FB13B9E2061F39100BA9AD5 /* View */,
				5FB13B8C2061F38600BA9AD5 /* AppDelegate.swift */,
				5FB13B902061F38600BA9AD5 /* Main.storyboard */,
				5FB13B932061F38600BA9AD5 /* Assets.xcassets */,
				5FB13B952061F38600BA9AD5 /* LaunchScreen.storyboard */,
				5FB13B982061F38600BA9AD5 /* Info.plist */,
			);
			path = MediaApp;
			sourceTree = "<group>";
		};
		5FB13B9E2061F39100BA9AD5 /* View */ = {
			isa = PBXGroup;
			children = (
				5FB13B9F2061F3BA00BA9AD5 /* SongListTableViewCell.swift */,
			);
			path = View;
			sourceTree = "<group>";
		};
		5FB13BA12061F3C500BA9AD5 /* Controllers */ = {
			isa = PBXGroup;
			children = (
				5F321C0C20620B5000915A44 /* MusicPlayerManager.swift */,
				5FB13BA22061F3D600BA9AD5 /* SongTableViewController.swift */,
				5F321C0A2062053A00915A44 /* DetailsViewController.swift */,
			);
			path = Controllers;
			sourceTree = "<group>";
		};
		5FB13BA42061F67E00BA9AD5 /* New Group */ = {
			isa = PBXGroup;
			children = (
				5FB13BA52061F68D00BA9AD5 /* MediaHandler.swift */,
			);
			path = "New Group";
			sourceTree = "<group>";
		};
/* End PBXGroup section */

/* Begin PBXNativeTarget section */
		5FB13B882061F38600BA9AD5 /* MediaApp */ = {
			isa = PBXNativeTarget;
			buildConfigurationList = 5FB13B9B2061F38600BA9AD5 /* Build configuration list for PBXNativeTarget "MediaApp" */;
			buildPhases = (
				5FB13B852061F38600BA9AD5 /* Sources */,
				5FB13B862061F38600BA9AD5 /* Frameworks */,
				5FB13B872061F38600BA9AD5 /* Resources */,
			);
			buildRules = (
			);
			dependencies = (
			);
			name = MediaApp;
			productName = MediaApp;
			productReference = 5FB13B892061F38600BA9AD5 /* MediaApp.app */;
			productType = "com.apple.product-type.application";
		};
/* End PBXNativeTarget section */

/* Begin PBXProject section */
		5FB13B812061F38600BA9AD5 /* Project object */ = {
			isa = PBXProject;
			attributes = {
				LastSwiftUpdateCheck = 0920;
				LastUpgradeCheck = 0920;
				ORGANIZATIONNAME = Media;
				TargetAttributes = {
					5FB13B882061F38600BA9AD5 = {
						CreatedOnToolsVersion = 9.2;
						ProvisioningStyle = Automatic;
					};
				};
			};
			buildConfigurationList = 5FB13B842061F38600BA9AD5 /* Build configuration list for PBXProject "MediaApp" */;
			compatibilityVersion = "Xcode 8.0";
			developmentRegion = en;
			hasScannedForEncodings = 0;
			knownRegions = (
				en,
				Base,
			);
			mainGroup = 5FB13B802061F38600BA9AD5;
			productRefGroup = 5FB13B8A2061F38600BA9AD5 /* Products */;
			projectDirPath = "";
			projectRoot = "";
			targets = (
				5FB13B882061F38600BA9AD5 /* MediaApp */,
			);
		};
/* End PBXProject section */

/* Begin PBXResourcesBuildPhase section */
		5FB13B872061F38600BA9AD5 /* Resources */ = {
			isa = PBXResourcesBuildPhase;
			buildActionMask = 2147483647;
			files = (
				5FB13B972061F38600BA9AD5 /* LaunchScreen.storyboard in Resources */,
				5FB13B942061F38600BA9AD5 /* Assets.xcassets in Resources */,
				5FB13B922061F38600BA9AD5 /* Main.storyboard in Resources */,
			);
			runOnlyForDeploymentPostprocessing = 0;
		};
/* End PBXResourcesBuildPhase section */

/* Begin PBXSourcesBuildPhase section */
		5FB13B852061F38600BA9AD5 /* Sources */ = {
			isa = PBXSourcesBuildPhase;
			buildActionMask = 2147483647;
			files = (
				5FB13BA02061F3BA00BA9AD5 /* SongListTableViewCell.swift in Sources */,
				5FB13BA32061F3D600BA9AD5 /* SongTableViewController.swift in Sources */,
				5FB13B8D2061F38600BA9AD5 /* AppDelegate.swift in Sources */,
				5FB13BA62061F68D00BA9AD5 /* MediaHandler.swift in Sources */,
				5F321C0D20620B5000915A44 /* MusicPlayerManager.swift in Sources */,
				5F321C0B2062053A00915A44 /* DetailsViewController.swift in Sources */,
			);
			runOnlyForDeploymentPostprocessing = 0;
		};
/* End PBXSourcesBuildPhase section */

/* Begin PBXVariantGroup section */
		5FB13B902061F38600BA9AD5 /* Main.storyboard */ = {
			isa = PBXVariantGroup;
			children = (
				5FB13B912061F38600BA9AD5 /* Base */,
			);
			name = Main.storyboard;
			sourceTree = "<group>";
		};
		5FB13B952061F38600BA9AD5 /* LaunchScreen.storyboard */ = {
			isa = PBXVariantGroup;
			children = (
				5FB13B962061F38600BA9AD5 /* Base */,
			);
			name = LaunchScreen.storyboard;
			sourceTree = "<group>";
		};
/* End PBXVariantGroup section */

/* Begin XCBuildConfiguration section */
		5FB13B992061F38600BA9AD5 /* Debug */ = {
			isa = XCBuildConfiguration;
			buildSettings = {
				ALWAYS_SEARCH_USER_PATHS = NO;
				CLANG_ANALYZER_NONNULL = YES;
				CLANG_ANALYZER_NUMBER_OBJECT_CONVERSION = YES_AGGRESSIVE;
				CLANG_CXX_LANGUAGE_STANDARD = "gnu++14";
				CLANG_CXX_LIBRARY = "libc++";
				CLANG_ENABLE_MODULES = YES;
				CLANG_ENABLE_OBJC_ARC = YES;
				CLANG_WARN_BLOCK_CAPTURE_AUTORELEASING = YES;
				CLANG_WARN_BOOL_CONVERSION = YES;
				CLANG_WARN_COMMA = YES;
				CLANG_WARN_CONSTANT_CONVERSION = YES;
				CLANG_WARN_DIRECT_OBJC_ISA_USAGE = YES_ERROR;
				CLANG_WARN_DOCUMENTATION_COMMENTS = YES;
				CLANG_WARN_EMPTY_BODY = YES;
				CLANG_WARN_ENUM_CONVERSION = YES;
				CLANG_WARN_INFINITE_RECURSION = YES;
				CLANG_WARN_INT_CONVERSION = YES;
				CLANG_WARN_NON_LITERAL_NULL_CONVERSION = YES;
				CLANG_WARN_OBJC_LITERAL_CONVERSION = YES;
				CLANG_WARN_OBJC_ROOT_CLASS = YES_ERROR;
				CLANG_WARN_RANGE_LOOP_ANALYSIS = YES;
				CLANG_WARN_STRICT_PROTOTYPES = YES;
				CLANG_WARN_SUSPICIOUS_MOVE = YES;
				CLANG_WARN_UNGUARDED_AVAILABILITY = YES_AGGRESSIVE;
				CLANG_WARN_UNREACHABLE_CODE = YES;
				CLANG_WARN__DUPLICATE_METHOD_MATCH = YES;
				CODE_SIGN_IDENTITY = "iPhone Developer";
				COPY_PHASE_STRIP = NO;
				DEBUG_INFORMATION_FORMAT = dwarf;
				ENABLE_STRICT_OBJC_MSGSEND = YES;
				ENABLE_TESTABILITY = YES;
				GCC_C_LANGUAGE_STANDARD = gnu11;
				GCC_DYNAMIC_NO_PIC = NO;
				GCC_NO_COMMON_BLOCKS = YES;
				GCC_OPTIMIZATION_LEVEL = 0;
				GCC_PREPROCESSOR_DEFINITIONS = (
					"DEBUG=1",
					"$(inherited)",
				);
				GCC_WARN_64_TO_32_BIT_CONVERSION = YES;
				GCC_WARN_ABOUT_RETURN_TYPE = YES_ERROR;
				GCC_WARN_UNDECLARED_SELECTOR = YES;
				GCC_WARN_UNINITIALIZED_AUTOS = YES_AGGRESSIVE;
				GCC_WARN_UNUSED_FUNCTION = YES;
				GCC_WARN_UNUSED_VARIABLE = YES;
				IPHONEOS_DEPLOYMENT_TARGET = 11.2;
				MTL_ENABLE_DEBUG_INFO = YES;
				ONLY_ACTIVE_ARCH = YES;
				SDKROOT = iphoneos;
				SWIFT_ACTIVE_COMPILATION_CONDITIONS = DEBUG;
				SWIFT_OPTIMIZATION_LEVEL = "-Onone";
			};
			name = Debug;
		};
		5FB13B9A2061F38600BA9AD5 /* Release */ = {
			isa = XCBuildConfiguration;
			buildSettings = {
				ALWAYS_SEARCH_USER_PATHS = NO;
				CLANG_ANALYZER_NONNULL = YES;
				CLANG_ANALYZER_NUMBER_OBJECT_CONVERSION = YES_AGGRESSIVE;
				CLANG_CXX_LANGUAGE_STANDARD = "gnu++14";
				CLANG_CXX_LIBRARY = "libc++";
				CLANG_ENABLE_MODULES = YES;
				CLANG_ENABLE_OBJC_ARC = YES;
				CLANG_WARN_BLOCK_CAPTURE_AUTORELEASING = YES;
				CLANG_WARN_BOOL_CONVERSION = YES;
				CLANG_WARN_COMMA = YES;
				CLANG_WARN_CONSTANT_CONVERSION = YES;
				CLANG_WARN_DIRECT_OBJC_ISA_USAGE = YES_ERROR;
				CLANG_WARN_DOCUMENTATION_COMMENTS = YES;
				CLANG_WARN_EMPTY_BODY = YES;
				CLANG_WARN_ENUM_CONVERSION = YES;
				CLANG_WARN_INFINITE_RECURSION = YES;
				CLANG_WARN_INT_CONVERSION = YES;
				CLANG_WARN_NON_LITERAL_NULL_CONVERSION = YES;
				CLANG_WARN_OBJC_LITERAL_CONVERSION = YES;
				CLANG_WARN_OBJC_ROOT_CLASS = YES_ERROR;
				CLANG_WARN_RANGE_LOOP_ANALYSIS = YES;
				CLANG_WARN_STRICT_PROTOTYPES = YES;
				CLANG_WARN_SUSPICIOUS_MOVE = YES;
				CLANG_WARN_UNGUARDED_AVAILABILITY = YES_AGGRESSIVE;
				CLANG_WARN_UNREACHABLE_CODE = YES;
				CLANG_WARN__DUPLICATE_METHOD_MATCH = YES;
				CODE_SIGN_IDENTITY = "iPhone Developer";
				COPY_PHASE_STRIP = NO;
				DEBUG_INFORMATION_FORMAT = "dwarf-with-dsym";
				ENABLE_NS_ASSERTIONS = NO;
				ENABLE_STRICT_OBJC_MSGSEND = YES;
				GCC_C_LANGUAGE_STANDARD = gnu11;
				GCC_NO_COMMON_BLOCKS = YES;
				GCC_WARN_64_TO_32_BIT_CONVERSION = YES;
				GCC_WARN_ABOUT_RETURN_TYPE = YES_ERROR;
				GCC_WARN_UNDECLARED_SELECTOR = YES;
				GCC_WARN_UNINITIALIZED_AUTOS = YES_AGGRESSIVE;
				GCC_WARN_UNUSED_FUNCTION = YES;
				GCC_WARN_UNUSED_VARIABLE = YES;
				IPHONEOS_DEPLOYMENT_TARGET = 11.2;
				MTL_ENABLE_DEBUG_INFO = NO;
				SDKROOT = iphoneos;
				SWIFT_OPTIMIZATION_LEVEL = "-Owholemodule";
				VALIDATE_PRODUCT = YES;
			};
			name = Release;
		};
		5FB13B9C2061F38600BA9AD5 /* Debug */ = {
			isa = XCBuildConfiguration;
			buildSettings = {
				ASSETCATALOG_COMPILER_APPICON_NAME = AppIcon;
				CODE_SIGN_STYLE = Automatic;
				DEVELOPMENT_TEAM = Y4CESM8469;
				INFOPLIST_FILE = MediaApp/Info.plist;
				LD_RUNPATH_SEARCH_PATHS = "$(inherited) @executable_path/Frameworks";
				PRODUCT_BUNDLE_IDENTIFIER = com.MediaApp;
				PRODUCT_NAME = "$(TARGET_NAME)";
				SWIFT_VERSION = 4.0;
				TARGETED_DEVICE_FAMILY = "1,2";
			};
			name = Debug;
		};
		5FB13B9D2061F38600BA9AD5 /* Release */ = {
			isa = XCBuildConfiguration;
			buildSettings = {
				ASSETCATALOG_COMPILER_APPICON_NAME = AppIcon;
				CODE_SIGN_STYLE = Automatic;
				DEVELOPMENT_TEAM = Y4CESM8469;
				INFOPLIST_FILE = MediaApp/Info.plist;
				LD_RUNPATH_SEARCH_PATHS = "$(inherited) @executable_path/Frameworks";
				PRODUCT_BUNDLE_IDENTIFIER = com.MediaApp;
				PRODUCT_NAME = "$(TARGET_NAME)";
				SWIFT_VERSION = 4.0;
				TARGETED_DEVICE_FAMILY = "1,2";
			};
			name = Release;
		};
/* End XCBuildConfiguration section */

/* Begin XCConfigurationList section */
		5FB13B842061F38600BA9AD5 /* Build configuration list for PBXProject "MediaApp" */ = {
			isa = XCConfigurationList;
			buildConfigurations = (
				5FB13B992061F38600BA9AD5 /* Debug */,
				5FB13B9A2061F38600BA9AD5 /* Release */,
			);
			defaultConfigurationIsVisible = 0;
			defaultConfigurationName = Release;
		};
		5FB13B9B2061F38600BA9AD5 /* Build configuration list for PBXNativeTarget "MediaApp" */ = {
			isa = XCConfigurationList;
			buildConfigurations = (
				5FB13B9C2061F38600BA9AD5 /* Debug */,
				5FB13B9D2061F38600BA9AD5 /* Release */,
			);
			defaultConfigurationIsVisible = 0;
			defaultConfigurationName = Release;
		};
/* End XCConfigurationList section */
	};
	rootObject = 5FB13B812061F38600BA9AD5 /* Project object */;
}
